
Microsoft Visual Studio Solution File, Format Version 12.00
# Visual Studio Version 17
VisualStudioVersion = 17.6.33723.286
MinimumVisualStudioVersion = 10.0.40219.1
Project("{FAE04EC0-301F-11D3-BF4B-00C04F79EFBC}") = "students", "students\students.csproj", "{5AC01F92-EFF1-4EE3-87B0-9FA86F3C9AF6}"
EndProject
Global
	GlobalSection(SolutionConfigurationPlatforms) = preSolution
		Debug|Any CPU = Debug|Any CPU
		Release|Any CPU = Release|Any CPU
	EndGlobalSection
	GlobalSection(ProjectConfigurationPlatforms) = postSolution
		{5AC01F92-EFF1-4EE3-87B0-9FA86F3C9AF6}.Debug|Any CPU.ActiveCfg = Debug|Any CPU
		{5AC01F92-EFF1-4EE3-87B0-9FA86F3C9AF6}.Debug|Any CPU.Build.0 = Debug|Any CPU
		{5AC01F92-EFF1-4EE3-87B0-9FA86F3C9AF6}.Release|Any CPU.ActiveCfg = Release|Any CPU
		{5AC01F92-EFF1-4EE3-87B0-9FA86F3C9AF6}.Release|Any CPU.Build.0 = Release|Any CPU
	EndGlobalSection
	GlobalSection(SolutionProperties) = preSolution
		HideSolutionNode = FALSE
	EndGlobalSection
	GlobalSection(ExtensibilityGlobals) = postSolution
		SolutionGuid = {4D6EF57B-3490-492A-BD43-9EA5BDE0D2F5}
	EndGlobalSection
EndGlobal
